// !$*UTF8*$!
{
	archiveVersion = 1;
	classes = {
	};
	objectVersion = 56;
	objects = {

/* Begin PBXBuildFile section */
		3749E7A429B79A4800C01A41 /* WeatherAPIFramework.framework in Frameworks */ = {isa = PBXBuildFile; fileRef = 3749E7A129B799EB00C01A41 /* WeatherAPIFramework.framework */; };
		3749E7B129B8C9A700C01A41 /* WeatherAPIFramework.framework in Frameworks */ = {isa = PBXBuildFile; fileRef = 3749E7AE29B8C99C00C01A41 /* WeatherAPIFramework.framework */; };
		3749E7B229B8C9A700C01A41 /* WeatherAPIFramework.framework in Embed Frameworks */ = {isa = PBXBuildFile; fileRef = 3749E7AE29B8C99C00C01A41 /* WeatherAPIFramework.framework */; settings = {ATTRIBUTES = (CodeSignOnCopy, RemoveHeadersOnCopy, ); }; };
		3749E7B929B8D3E900C01A41 /* WFTabBarController.swift in Sources */ = {isa = PBXBuildFile; fileRef = 3749E7B829B8D3E900C01A41 /* WFTabBarController.swift */; };
		3749E7BB29B8D43300C01A41 /* WFAddCityViewController.swift in Sources */ = {isa = PBXBuildFile; fileRef = 3749E7BA29B8D43300C01A41 /* WFAddCityViewController.swift */; };
		3749E7BF29B8DC7000C01A41 /* WFCityListView.swift in Sources */ = {isa = PBXBuildFile; fileRef = 3749E7BE29B8DC7000C01A41 /* WFCityListView.swift */; };
		3749E7C129B8F1A800C01A41 /* WFCityListViewViewModel.swift in Sources */ = {isa = PBXBuildFile; fileRef = 3749E7C029B8F1A800C01A41 /* WFCityListViewViewModel.swift */; };
		3749E7C429B8F7CE00C01A41 /* CityDBManger.swift in Sources */ = {isa = PBXBuildFile; fileRef = 3749E7C329B8F7CE00C01A41 /* CityDBManger.swift */; };
		3749E7C729B8F9AD00C01A41 /* Cities+CoreDataClass.swift in Sources */ = {isa = PBXBuildFile; fileRef = 3749E7C529B8F9AD00C01A41 /* Cities+CoreDataClass.swift */; };
		3749E7CA29B908E400C01A41 /* WFCityListTableViewCell.swift in Sources */ = {isa = PBXBuildFile; fileRef = 3749E7C929B908E400C01A41 /* WFCityListTableViewCell.swift */; };
		3749E7CC29B914FF00C01A41 /* WFCityListTableViewCellViewModel.swift in Sources */ = {isa = PBXBuildFile; fileRef = 3749E7CB29B914FF00C01A41 /* WFCityListTableViewCellViewModel.swift */; };
		3749E7CF29B9F20500C01A41 /* AddCity.storyboard in Resources */ = {isa = PBXBuildFile; fileRef = 3749E7CE29B9F20500C01A41 /* AddCity.storyboard */; };
		3749E7D329B9F49200C01A41 /* WFAddCityTableViewCell.swift in Sources */ = {isa = PBXBuildFile; fileRef = 3749E7D129B9F49200C01A41 /* WFAddCityTableViewCell.swift */; };
		3749E7D429B9F49200C01A41 /* WFAddCityTableViewCell.xib in Resources */ = {isa = PBXBuildFile; fileRef = 3749E7D229B9F49200C01A41 /* WFAddCityTableViewCell.xib */; };
		3749E7D829B9F52D00C01A41 /* WFAddCityViewViewModel.swift in Sources */ = {isa = PBXBuildFile; fileRef = 3749E7D729B9F52D00C01A41 /* WFAddCityViewViewModel.swift */; };
		3749E7DA29B9F54600C01A41 /* city.list.json in Resources */ = {isa = PBXBuildFile; fileRef = 3749E7D929B9F54600C01A41 /* city.list.json */; };
		3749E7DE29B9F5C400C01A41 /* CityJsonModel.swift in Sources */ = {isa = PBXBuildFile; fileRef = 3749E7DD29B9F5C400C01A41 /* CityJsonModel.swift */; };
		3749E7E029B9FE9900C01A41 /* WFAddCityTableViewCellViewModel.swift in Sources */ = {isa = PBXBuildFile; fileRef = 3749E7DF29B9FE9900C01A41 /* WFAddCityTableViewCellViewModel.swift */; };
		3749E7E229BB302600C01A41 /* WFCityDetailsViewController.swift in Sources */ = {isa = PBXBuildFile; fileRef = 3749E7E129BB302600C01A41 /* WFCityDetailsViewController.swift */; };
		3749E7E629BB364C00C01A41 /* WFCityDetailsView.swift in Sources */ = {isa = PBXBuildFile; fileRef = 3749E7E529BB364C00C01A41 /* WFCityDetailsView.swift */; };
		3749E7E829BB5F9E00C01A41 /* WFCityDetailsViewViewModel.swift in Sources */ = {isa = PBXBuildFile; fileRef = 3749E7E729BB5F9E00C01A41 /* WFCityDetailsViewViewModel.swift */; };
		3749E7ED29BB6BAE00C01A41 /* WFCityDetailsGeneralInfoTableViewCellViewModel.swift in Sources */ = {isa = PBXBuildFile; fileRef = 3749E7EC29BB6BAE00C01A41 /* WFCityDetailsGeneralInfoTableViewCellViewModel.swift */; };
		3749E7EF29BB6DA300C01A41 /* WFCityDetailsSpecInfoTableViewCell.swift in Sources */ = {isa = PBXBuildFile; fileRef = 3749E7EE29BB6DA300C01A41 /* WFCityDetailsSpecInfoTableViewCell.swift */; };
		3749E7F129BB6F0A00C01A41 /* WFCityDetailsSpecificCollectionViewCell.swift in Sources */ = {isa = PBXBuildFile; fileRef = 3749E7F029BB6F0A00C01A41 /* WFCityDetailsSpecificCollectionViewCell.swift */; };
		3749E7F329BB722100C01A41 /* WFCityDetailsSpecificCollectionViewCellViewModel.swift in Sources */ = {isa = PBXBuildFile; fileRef = 3749E7F229BB722100C01A41 /* WFCityDetailsSpecificCollectionViewCellViewModel.swift */; };
		3749E7F829BF2C2F00C01A41 /* WFCityDetailsGeneralInfoTableViewCell.swift in Sources */ = {isa = PBXBuildFile; fileRef = 3749E7F629BF2C2F00C01A41 /* WFCityDetailsGeneralInfoTableViewCell.swift */; };
		3749E7F929BF2C2F00C01A41 /* WFCityDetailsGeneralInfoTableViewCell.xib in Resources */ = {isa = PBXBuildFile; fileRef = 3749E7F729BF2C2F00C01A41 /* WFCityDetailsGeneralInfoTableViewCell.xib */; };
		3749E7FC29BF733100C01A41 /* UIViewController+Extension.swift in Sources */ = {isa = PBXBuildFile; fileRef = 3749E7FB29BF733100C01A41 /* UIViewController+Extension.swift */; };
		3749E7FE29BF790D00C01A41 /* Reachability.swift in Sources */ = {isa = PBXBuildFile; fileRef = 3749E7FD29BF790D00C01A41 /* Reachability.swift */; };
		3749E80429BF80EA00C01A41 /* Cities+CoreDataProperties.swift in Sources */ = {isa = PBXBuildFile; fileRef = 3749E80229BF80EA00C01A41 /* Cities+CoreDataProperties.swift */; };
		3761AB7029B7978F00C68588 /* AppDelegate.swift in Sources */ = {isa = PBXBuildFile; fileRef = 3761AB6F29B7978F00C68588 /* AppDelegate.swift */; };
		3761AB7429B7978F00C68588 /* WFCityListViewController.swift in Sources */ = {isa = PBXBuildFile; fileRef = 3761AB7329B7978F00C68588 /* WFCityListViewController.swift */; };
		3761AB7A29B7978F00C68588 /* WeatherApp.xcdatamodeld in Sources */ = {isa = PBXBuildFile; fileRef = 3761AB7829B7978F00C68588 /* WeatherApp.xcdatamodeld */; };
		3761AB7C29B7979100C68588 /* Assets.xcassets in Resources */ = {isa = PBXBuildFile; fileRef = 3761AB7B29B7979100C68588 /* Assets.xcassets */; };
		3761AB7F29B7979100C68588 /* LaunchScreen.storyboard in Resources */ = {isa = PBXBuildFile; fileRef = 3761AB7D29B7979100C68588 /* LaunchScreen.storyboard */; };
		3761AB8A29B7979100C68588 /* WeatherAppTests.swift in Sources */ = {isa = PBXBuildFile; fileRef = 3761AB8929B7979100C68588 /* WeatherAppTests.swift */; };
		3761AB9429B7979100C68588 /* WeatherAppUITests.swift in Sources */ = {isa = PBXBuildFile; fileRef = 3761AB9329B7979100C68588 /* WeatherAppUITests.swift */; };
		3761AB9629B7979100C68588 /* WeatherAppUITestsLaunchTests.swift in Sources */ = {isa = PBXBuildFile; fileRef = 3761AB9529B7979100C68588 /* WeatherAppUITestsLaunchTests.swift */; };
/* End PBXBuildFile section */

/* Begin PBXContainerItemProxy section */
		3749E7A029B799EB00C01A41 /* PBXContainerItemProxy */ = {
			isa = PBXContainerItemProxy;
			containerPortal = 3749E79B29B799EB00C01A41 /* WeatherAPIFramework.xcodeproj */;
			proxyType = 2;
			remoteGlobalIDString = 3761AB3929B75BAA00C68588;
			remoteInfo = WeatherAPIFramework;
		};
		3749E7A229B799EB00C01A41 /* PBXContainerItemProxy */ = {
			isa = PBXContainerItemProxy;
			containerPortal = 3749E79B29B799EB00C01A41 /* WeatherAPIFramework.xcodeproj */;
			proxyType = 2;
			remoteGlobalIDString = 3761AB4329B75BAA00C68588;
			remoteInfo = WeatherAPIFrameworkTests;
		};
		3749E7AD29B8C99C00C01A41 /* PBXContainerItemProxy */ = {
			isa = PBXContainerItemProxy;
			containerPortal = 3749E7A829B8C99C00C01A41 /* WeatherAPIFramework.xcodeproj */;
			proxyType = 2;
			remoteGlobalIDString = 3761AB3929B75BAA00C68588;
			remoteInfo = WeatherAPIFramework;
		};
		3749E7AF29B8C99C00C01A41 /* PBXContainerItemProxy */ = {
			isa = PBXContainerItemProxy;
			containerPortal = 3749E7A829B8C99C00C01A41 /* WeatherAPIFramework.xcodeproj */;
			proxyType = 2;
			remoteGlobalIDString = 3761AB4329B75BAA00C68588;
			remoteInfo = WeatherAPIFrameworkTests;
		};
		3761AB8629B7979100C68588 /* PBXContainerItemProxy */ = {
			isa = PBXContainerItemProxy;
			containerPortal = 3761AB6429B7978F00C68588 /* Project object */;
			proxyType = 1;
			remoteGlobalIDString = 3761AB6B29B7978F00C68588;
			remoteInfo = WeatherApp;
		};
		3761AB9029B7979100C68588 /* PBXContainerItemProxy */ = {
			isa = PBXContainerItemProxy;
			containerPortal = 3761AB6429B7978F00C68588 /* Project object */;
			proxyType = 1;
			remoteGlobalIDString = 3761AB6B29B7978F00C68588;
			remoteInfo = WeatherApp;
		};
/* End PBXContainerItemProxy section */

/* Begin PBXCopyFilesBuildPhase section */
		3749E7B329B8C9A800C01A41 /* Embed Frameworks */ = {
			isa = PBXCopyFilesBuildPhase;
			buildActionMask = 2147483647;
			dstPath = "";
			dstSubfolderSpec = 10;
			files = (
				3749E7B229B8C9A700C01A41 /* WeatherAPIFramework.framework in Embed Frameworks */,
			);
			name = "Embed Frameworks";
			runOnlyForDeploymentPostprocessing = 0;
		};
/* End PBXCopyFilesBuildPhase section */

/* Begin PBXFileReference section */
		3749E79B29B799EB00C01A41 /* WeatherAPIFramework.xcodeproj */ = {isa = PBXFileReference; lastKnownFileType = "wrapper.pb-project"; name = WeatherAPIFramework.xcodeproj; path = ../../WeatherAPIFramework.xcodeproj; sourceTree = "<group>"; };
		3749E7A829B8C99C00C01A41 /* WeatherAPIFramework.xcodeproj */ = {isa = PBXFileReference; lastKnownFileType = "wrapper.pb-project"; name = WeatherAPIFramework.xcodeproj; path = ../../WeatherAPIFramework/WeatherAPIFramework.xcodeproj; sourceTree = "<group>"; };
		3749E7B829B8D3E900C01A41 /* WFTabBarController.swift */ = {isa = PBXFileReference; lastKnownFileType = sourcecode.swift; path = WFTabBarController.swift; sourceTree = "<group>"; };
		3749E7BA29B8D43300C01A41 /* WFAddCityViewController.swift */ = {isa = PBXFileReference; lastKnownFileType = sourcecode.swift; path = WFAddCityViewController.swift; sourceTree = "<group>"; };
		3749E7BE29B8DC7000C01A41 /* WFCityListView.swift */ = {isa = PBXFileReference; lastKnownFileType = sourcecode.swift; path = WFCityListView.swift; sourceTree = "<group>"; };
		3749E7C029B8F1A800C01A41 /* WFCityListViewViewModel.swift */ = {isa = PBXFileReference; lastKnownFileType = sourcecode.swift; path = WFCityListViewViewModel.swift; sourceTree = "<group>"; };
		3749E7C329B8F7CE00C01A41 /* CityDBManger.swift */ = {isa = PBXFileReference; lastKnownFileType = sourcecode.swift; path = CityDBManger.swift; sourceTree = "<group>"; };
		3749E7C529B8F9AD00C01A41 /* Cities+CoreDataClass.swift */ = {isa = PBXFileReference; lastKnownFileType = sourcecode.swift; path = "Cities+CoreDataClass.swift"; sourceTree = "<group>"; };
		3749E7C929B908E400C01A41 /* WFCityListTableViewCell.swift */ = {isa = PBXFileReference; lastKnownFileType = sourcecode.swift; path = WFCityListTableViewCell.swift; sourceTree = "<group>"; };
		3749E7CB29B914FF00C01A41 /* WFCityListTableViewCellViewModel.swift */ = {isa = PBXFileReference; lastKnownFileType = sourcecode.swift; path = WFCityListTableViewCellViewModel.swift; sourceTree = "<group>"; };
		3749E7CE29B9F20500C01A41 /* AddCity.storyboard */ = {isa = PBXFileReference; lastKnownFileType = file.storyboard; path = AddCity.storyboard; sourceTree = "<group>"; };
		3749E7D129B9F49200C01A41 /* WFAddCityTableViewCell.swift */ = {isa = PBXFileReference; lastKnownFileType = sourcecode.swift; path = WFAddCityTableViewCell.swift; sourceTree = "<group>"; };
		3749E7D229B9F49200C01A41 /* WFAddCityTableViewCell.xib */ = {isa = PBXFileReference; lastKnownFileType = file.xib; path = WFAddCityTableViewCell.xib; sourceTree = "<group>"; };
		3749E7D729B9F52D00C01A41 /* WFAddCityViewViewModel.swift */ = {isa = PBXFileReference; lastKnownFileType = sourcecode.swift; path = WFAddCityViewViewModel.swift; sourceTree = "<group>"; };
		3749E7D929B9F54600C01A41 /* city.list.json */ = {isa = PBXFileReference; fileEncoding = 4; lastKnownFileType = text.json; path = city.list.json; sourceTree = "<group>"; };
		3749E7DD29B9F5C400C01A41 /* CityJsonModel.swift */ = {isa = PBXFileReference; lastKnownFileType = sourcecode.swift; path = CityJsonModel.swift; sourceTree = "<group>"; };
		3749E7DF29B9FE9900C01A41 /* WFAddCityTableViewCellViewModel.swift */ = {isa = PBXFileReference; lastKnownFileType = sourcecode.swift; path = WFAddCityTableViewCellViewModel.swift; sourceTree = "<group>"; };
		3749E7E129BB302600C01A41 /* WFCityDetailsViewController.swift */ = {isa = PBXFileReference; lastKnownFileType = sourcecode.swift; path = WFCityDetailsViewController.swift; sourceTree = "<group>"; };
		3749E7E529BB364C00C01A41 /* WFCityDetailsView.swift */ = {isa = PBXFileReference; lastKnownFileType = sourcecode.swift; path = WFCityDetailsView.swift; sourceTree = "<group>"; };
		3749E7E729BB5F9E00C01A41 /* WFCityDetailsViewViewModel.swift */ = {isa = PBXFileReference; lastKnownFileType = sourcecode.swift; path = WFCityDetailsViewViewModel.swift; sourceTree = "<group>"; };
		3749E7EC29BB6BAE00C01A41 /* WFCityDetailsGeneralInfoTableViewCellViewModel.swift */ = {isa = PBXFileReference; lastKnownFileType = sourcecode.swift; path = WFCityDetailsGeneralInfoTableViewCellViewModel.swift; sourceTree = "<group>"; };
		3749E7EE29BB6DA300C01A41 /* WFCityDetailsSpecInfoTableViewCell.swift */ = {isa = PBXFileReference; lastKnownFileType = sourcecode.swift; path = WFCityDetailsSpecInfoTableViewCell.swift; sourceTree = "<group>"; };
		3749E7F029BB6F0A00C01A41 /* WFCityDetailsSpecificCollectionViewCell.swift */ = {isa = PBXFileReference; lastKnownFileType = sourcecode.swift; path = WFCityDetailsSpecificCollectionViewCell.swift; sourceTree = "<group>"; };
		3749E7F229BB722100C01A41 /* WFCityDetailsSpecificCollectionViewCellViewModel.swift */ = {isa = PBXFileReference; lastKnownFileType = sourcecode.swift; path = WFCityDetailsSpecificCollectionViewCellViewModel.swift; sourceTree = "<group>"; };
		3749E7F629BF2C2F00C01A41 /* WFCityDetailsGeneralInfoTableViewCell.swift */ = {isa = PBXFileReference; lastKnownFileType = sourcecode.swift; path = WFCityDetailsGeneralInfoTableViewCell.swift; sourceTree = "<group>"; };
		3749E7F729BF2C2F00C01A41 /* WFCityDetailsGeneralInfoTableViewCell.xib */ = {isa = PBXFileReference; lastKnownFileType = file.xib; path = WFCityDetailsGeneralInfoTableViewCell.xib; sourceTree = "<group>"; };
		3749E7FB29BF733100C01A41 /* UIViewController+Extension.swift */ = {isa = PBXFileReference; lastKnownFileType = sourcecode.swift; path = "UIViewController+Extension.swift"; sourceTree = "<group>"; };
		3749E7FD29BF790D00C01A41 /* Reachability.swift */ = {isa = PBXFileReference; lastKnownFileType = sourcecode.swift; path = Reachability.swift; sourceTree = "<group>"; };
		3749E80229BF80EA00C01A41 /* Cities+CoreDataProperties.swift */ = {isa = PBXFileReference; lastKnownFileType = sourcecode.swift; path = "Cities+CoreDataProperties.swift"; sourceTree = "<group>"; };
		3761AB6C29B7978F00C68588 /* WeatherApp.app */ = {isa = PBXFileReference; explicitFileType = wrapper.application; includeInIndex = 0; path = WeatherApp.app; sourceTree = BUILT_PRODUCTS_DIR; };
		3761AB6F29B7978F00C68588 /* AppDelegate.swift */ = {isa = PBXFileReference; lastKnownFileType = sourcecode.swift; path = AppDelegate.swift; sourceTree = "<group>"; };
		3761AB7329B7978F00C68588 /* WFCityListViewController.swift */ = {isa = PBXFileReference; lastKnownFileType = sourcecode.swift; path = WFCityListViewController.swift; sourceTree = "<group>"; };
		3761AB7929B7978F00C68588 /* WeatherApp.xcdatamodel */ = {isa = PBXFileReference; lastKnownFileType = wrapper.xcdatamodel; path = WeatherApp.xcdatamodel; sourceTree = "<group>"; };
		3761AB7B29B7979100C68588 /* Assets.xcassets */ = {isa = PBXFileReference; lastKnownFileType = folder.assetcatalog; path = Assets.xcassets; sourceTree = "<group>"; };
		3761AB7E29B7979100C68588 /* Base */ = {isa = PBXFileReference; lastKnownFileType = file.storyboard; name = Base; path = Base.lproj/LaunchScreen.storyboard; sourceTree = "<group>"; };
		3761AB8029B7979100C68588 /* Info.plist */ = {isa = PBXFileReference; lastKnownFileType = text.plist.xml; path = Info.plist; sourceTree = "<group>"; };
		3761AB8529B7979100C68588 /* WeatherAppTests.xctest */ = {isa = PBXFileReference; explicitFileType = wrapper.cfbundle; includeInIndex = 0; path = WeatherAppTests.xctest; sourceTree = BUILT_PRODUCTS_DIR; };
		3761AB8929B7979100C68588 /* WeatherAppTests.swift */ = {isa = PBXFileReference; lastKnownFileType = sourcecode.swift; path = WeatherAppTests.swift; sourceTree = "<group>"; };
		3761AB8F29B7979100C68588 /* WeatherAppUITests.xctest */ = {isa = PBXFileReference; explicitFileType = wrapper.cfbundle; includeInIndex = 0; path = WeatherAppUITests.xctest; sourceTree = BUILT_PRODUCTS_DIR; };
		3761AB9329B7979100C68588 /* WeatherAppUITests.swift */ = {isa = PBXFileReference; lastKnownFileType = sourcecode.swift; path = WeatherAppUITests.swift; sourceTree = "<group>"; };
		3761AB9529B7979100C68588 /* WeatherAppUITestsLaunchTests.swift */ = {isa = PBXFileReference; lastKnownFileType = sourcecode.swift; path = WeatherAppUITestsLaunchTests.swift; sourceTree = "<group>"; };
/* End PBXFileReference section */

/* Begin PBXFrameworksBuildPhase section */
		3761AB6929B7978F00C68588 /* Frameworks */ = {
			isa = PBXFrameworksBuildPhase;
			buildActionMask = 2147483647;
			files = (
				3749E7A429B79A4800C01A41 /* WeatherAPIFramework.framework in Frameworks */,
				3749E7B129B8C9A700C01A41 /* WeatherAPIFramework.framework in Frameworks */,
			);
			runOnlyForDeploymentPostprocessing = 0;
		};
		3761AB8229B7979100C68588 /* Frameworks */ = {
			isa = PBXFrameworksBuildPhase;
			buildActionMask = 2147483647;
			files = (
			);
			runOnlyForDeploymentPostprocessing = 0;
		};
		3761AB8C29B7979100C68588 /* Frameworks */ = {
			isa = PBXFrameworksBuildPhase;
			buildActionMask = 2147483647;
			files = (
			);
			runOnlyForDeploymentPostprocessing = 0;
		};
/* End PBXFrameworksBuildPhase section */

/* Begin PBXGroup section */
		3749E79A29B799EB00C01A41 /* Frameworks */ = {
			isa = PBXGroup;
			children = (
				3749E7A829B8C99C00C01A41 /* WeatherAPIFramework.xcodeproj */,
				3749E79B29B799EB00C01A41 /* WeatherAPIFramework.xcodeproj */,
			);
			name = Frameworks;
			sourceTree = "<group>";
		};
		3749E79C29B799EB00C01A41 /* Products */ = {
			isa = PBXGroup;
			children = (
				3749E7A129B799EB00C01A41 /* WeatherAPIFramework.framework */,
				3749E7A329B799EB00C01A41 /* WeatherAPIFrameworkTests.xctest */,
			);
			name = Products;
			sourceTree = "<group>";
		};
		3749E7A929B8C99C00C01A41 /* Products */ = {
			isa = PBXGroup;
			children = (
				3749E7AE29B8C99C00C01A41 /* WeatherAPIFramework.framework */,
				3749E7B029B8C99C00C01A41 /* WeatherAPIFrameworkTests.xctest */,
			);
			name = Products;
			sourceTree = "<group>";
		};
		3749E7B429B8D30400C01A41 /* ViewControllers */ = {
			isa = PBXGroup;
			children = (
				3749E7BC29B8D43900C01A41 /* Core */,
				3749E7E129BB302600C01A41 /* WFCityDetailsViewController.swift */,
			);
			path = ViewControllers;
			sourceTree = "<group>";
		};
		3749E7B529B8D31800C01A41 /* Views */ = {
			isa = PBXGroup;
			children = (
				3749E7E329BB34C800C01A41 /* CityDetails */,
				3749E7CD29B9F1F500C01A41 /* AddCity */,
				3749E7BD29B8DC4C00C01A41 /* CityList */,
			);
			path = Views;
			sourceTree = "<group>";
		};
		3749E7B629B8D32500C01A41 /* ViewModels */ = {
			isa = PBXGroup;
			children = (
				3749E7E429BB352200C01A41 /* CityDetails */,
				3749E7D629B9F51600C01A41 /* AddCity */,
				3749E7D529B9F50A00C01A41 /* CityList */,
			);
			path = ViewModels;
			sourceTree = "<group>";
		};
		3749E7B729B8D34200C01A41 /* Ressources */ = {
			isa = PBXGroup;
			children = (
				3749E7FA29BF731F00C01A41 /* Extensions */,
				3749E7D929B9F54600C01A41 /* city.list.json */,
				3761AB6F29B7978F00C68588 /* AppDelegate.swift */,
				3761AB7B29B7979100C68588 /* Assets.xcassets */,
				3761AB7D29B7979100C68588 /* LaunchScreen.storyboard */,
				3761AB7829B7978F00C68588 /* WeatherApp.xcdatamodeld */,
			);
			path = Ressources;
			sourceTree = "<group>";
		};
		3749E7BC29B8D43900C01A41 /* Core */ = {
			isa = PBXGroup;
			children = (
				3761AB7329B7978F00C68588 /* WFCityListViewController.swift */,
				3749E7B829B8D3E900C01A41 /* WFTabBarController.swift */,
				3749E7BA29B8D43300C01A41 /* WFAddCityViewController.swift */,
			);
			path = Core;
			sourceTree = "<group>";
		};
		3749E7BD29B8DC4C00C01A41 /* CityList */ = {
			isa = PBXGroup;
			children = (
				3749E7BE29B8DC7000C01A41 /* WFCityListView.swift */,
				3749E7C929B908E400C01A41 /* WFCityListTableViewCell.swift */,
			);
			path = CityList;
			sourceTree = "<group>";
		};
		3749E7C229B8F7BB00C01A41 /* Manager */ = {
			isa = PBXGroup;
			children = (
				3749E7C329B8F7CE00C01A41 /* CityDBManger.swift */,
			);
			path = Manager;
			sourceTree = "<group>";
		};
		3749E7CD29B9F1F500C01A41 /* AddCity */ = {
			isa = PBXGroup;
			children = (
				3749E7D029B9F47F00C01A41 /* Cells */,
				3749E7CE29B9F20500C01A41 /* AddCity.storyboard */,
			);
			path = AddCity;
			sourceTree = "<group>";
		};
		3749E7D029B9F47F00C01A41 /* Cells */ = {
			isa = PBXGroup;
			children = (
				3749E7D129B9F49200C01A41 /* WFAddCityTableViewCell.swift */,
				3749E7D229B9F49200C01A41 /* WFAddCityTableViewCell.xib */,
			);
			path = Cells;
			sourceTree = "<group>";
		};
		3749E7D529B9F50A00C01A41 /* CityList */ = {
			isa = PBXGroup;
			children = (
				3749E7C029B8F1A800C01A41 /* WFCityListViewViewModel.swift */,
				3749E7CB29B914FF00C01A41 /* WFCityListTableViewCellViewModel.swift */,
			);
			path = CityList;
			sourceTree = "<group>";
		};
		3749E7D629B9F51600C01A41 /* AddCity */ = {
			isa = PBXGroup;
			children = (
				3749E7D729B9F52D00C01A41 /* WFAddCityViewViewModel.swift */,
				3749E7DF29B9FE9900C01A41 /* WFAddCityTableViewCellViewModel.swift */,
			);
			path = AddCity;
			sourceTree = "<group>";
		};
		3749E7DB29B9F5A100C01A41 /* Models */ = {
			isa = PBXGroup;
			children = (
				3749E7DC29B9F5A700C01A41 /* DataBaseModels */,
				3749E7DD29B9F5C400C01A41 /* CityJsonModel.swift */,
			);
			path = Models;
			sourceTree = "<group>";
		};
		3749E7DC29B9F5A700C01A41 /* DataBaseModels */ = {
			isa = PBXGroup;
			children = (
				3749E7C529B8F9AD00C01A41 /* Cities+CoreDataClass.swift */,
				3749E80229BF80EA00C01A41 /* Cities+CoreDataProperties.swift */,
			);
			path = DataBaseModels;
			sourceTree = "<group>";
		};
		3749E7E329BB34C800C01A41 /* CityDetails */ = {
			isa = PBXGroup;
			children = (
				3749E7E929BB62AE00C01A41 /* Cells */,
				3749E7E529BB364C00C01A41 /* WFCityDetailsView.swift */,
			);
			path = CityDetails;
			sourceTree = "<group>";
		};
		3749E7E429BB352200C01A41 /* CityDetails */ = {
			isa = PBXGroup;
			children = (
				3749E7E729BB5F9E00C01A41 /* WFCityDetailsViewViewModel.swift */,
				3749E7EC29BB6BAE00C01A41 /* WFCityDetailsGeneralInfoTableViewCellViewModel.swift */,
				3749E7F229BB722100C01A41 /* WFCityDetailsSpecificCollectionViewCellViewModel.swift */,
			);
			path = CityDetails;
			sourceTree = "<group>";
		};
		3749E7E929BB62AE00C01A41 /* Cells */ = {
			isa = PBXGroup;
			children = (
				3749E7EE29BB6DA300C01A41 /* WFCityDetailsSpecInfoTableViewCell.swift */,
				3749E7F029BB6F0A00C01A41 /* WFCityDetailsSpecificCollectionViewCell.swift */,
				3749E7F629BF2C2F00C01A41 /* WFCityDetailsGeneralInfoTableViewCell.swift */,
				3749E7F729BF2C2F00C01A41 /* WFCityDetailsGeneralInfoTableViewCell.xib */,
			);
			path = Cells;
			sourceTree = "<group>";
		};
		3749E7FA29BF731F00C01A41 /* Extensions */ = {
			isa = PBXGroup;
			children = (
				3749E7FB29BF733100C01A41 /* UIViewController+Extension.swift */,
				3749E7FD29BF790D00C01A41 /* Reachability.swift */,
			);
			path = Extensions;
			sourceTree = "<group>";
		};
		3761AB6329B7978F00C68588 = {
			isa = PBXGroup;
			children = (
				3761AB6E29B7978F00C68588 /* WeatherApp */,
				3761AB8829B7979100C68588 /* WeatherAppTests */,
				3761AB9229B7979100C68588 /* WeatherAppUITests */,
				3761AB6D29B7978F00C68588 /* Products */,
				3749E79A29B799EB00C01A41 /* Frameworks */,
			);
			sourceTree = "<group>";
		};
		3761AB6D29B7978F00C68588 /* Products */ = {
			isa = PBXGroup;
			children = (
				3761AB6C29B7978F00C68588 /* WeatherApp.app */,
				3761AB8529B7979100C68588 /* WeatherAppTests.xctest */,
				3761AB8F29B7979100C68588 /* WeatherAppUITests.xctest */,
			);
			name = Products;
			sourceTree = "<group>";
		};
		3761AB6E29B7978F00C68588 /* WeatherApp */ = {
			isa = PBXGroup;
			children = (
				3749E7DB29B9F5A100C01A41 /* Models */,
				3749E7C229B8F7BB00C01A41 /* Manager */,
				3749E7B729B8D34200C01A41 /* Ressources */,
				3749E7B629B8D32500C01A41 /* ViewModels */,
				3749E7B529B8D31800C01A41 /* Views */,
				3749E7B429B8D30400C01A41 /* ViewControllers */,
				3761AB8029B7979100C68588 /* Info.plist */,
			);
			path = WeatherApp;
			sourceTree = "<group>";
		};
		3761AB8829B7979100C68588 /* WeatherAppTests */ = {
			isa = PBXGroup;
			children = (
				3761AB8929B7979100C68588 /* WeatherAppTests.swift */,
			);
			path = WeatherAppTests;
			sourceTree = "<group>";
		};
		3761AB9229B7979100C68588 /* WeatherAppUITests */ = {
			isa = PBXGroup;
			children = (
				3761AB9329B7979100C68588 /* WeatherAppUITests.swift */,
				3761AB9529B7979100C68588 /* WeatherAppUITestsLaunchTests.swift */,
			);
			path = WeatherAppUITests;
			sourceTree = "<group>";
		};
/* End PBXGroup section */

/* Begin PBXNativeTarget section */
		3761AB6B29B7978F00C68588 /* WeatherApp */ = {
			isa = PBXNativeTarget;
			buildConfigurationList = 3761AB9929B7979100C68588 /* Build configuration list for PBXNativeTarget "WeatherApp" */;
			buildPhases = (
				3761AB6829B7978F00C68588 /* Sources */,
				3761AB6929B7978F00C68588 /* Frameworks */,
				3761AB6A29B7978F00C68588 /* Resources */,
				3749E7B329B8C9A800C01A41 /* Embed Frameworks */,
			);
			buildRules = (
			);
			dependencies = (
			);
			name = WeatherApp;
			productName = WeatherApp;
			productReference = 3761AB6C29B7978F00C68588 /* WeatherApp.app */;
			productType = "com.apple.product-type.application";
		};
		3761AB8429B7979100C68588 /* WeatherAppTests */ = {
			isa = PBXNativeTarget;
			buildConfigurationList = 3761AB9C29B7979100C68588 /* Build configuration list for PBXNativeTarget "WeatherAppTests" */;
			buildPhases = (
				3761AB8129B7979100C68588 /* Sources */,
				3761AB8229B7979100C68588 /* Frameworks */,
				3761AB8329B7979100C68588 /* Resources */,
			);
			buildRules = (
			);
			dependencies = (
				3761AB8729B7979100C68588 /* PBXTargetDependency */,
			);
			name = WeatherAppTests;
			productName = WeatherAppTests;
			productReference = 3761AB8529B7979100C68588 /* WeatherAppTests.xctest */;
			productType = "com.apple.product-type.bundle.unit-test";
		};
		3761AB8E29B7979100C68588 /* WeatherAppUITests */ = {
			isa = PBXNativeTarget;
			buildConfigurationList = 3761AB9F29B7979100C68588 /* Build configuration list for PBXNativeTarget "WeatherAppUITests" */;
			buildPhases = (
				3761AB8B29B7979100C68588 /* Sources */,
				3761AB8C29B7979100C68588 /* Frameworks */,
				3761AB8D29B7979100C68588 /* Resources */,
			);
			buildRules = (
			);
			dependencies = (
				3761AB9129B7979100C68588 /* PBXTargetDependency */,
			);
			name = WeatherAppUITests;
			productName = WeatherAppUITests;
			productReference = 3761AB8F29B7979100C68588 /* WeatherAppUITests.xctest */;
			productType = "com.apple.product-type.bundle.ui-testing";
		};
/* End PBXNativeTarget section */

/* Begin PBXProject section */
		3761AB6429B7978F00C68588 /* Project object */ = {
			isa = PBXProject;
			attributes = {
				BuildIndependentTargetsInParallel = 1;
				LastSwiftUpdateCheck = 1410;
				LastUpgradeCheck = 1410;
				TargetAttributes = {
					3761AB6B29B7978F00C68588 = {
						CreatedOnToolsVersion = 14.1;
					};
					3761AB8429B7979100C68588 = {
						CreatedOnToolsVersion = 14.1;
						TestTargetID = 3761AB6B29B7978F00C68588;
					};
					3761AB8E29B7979100C68588 = {
						CreatedOnToolsVersion = 14.1;
						TestTargetID = 3761AB6B29B7978F00C68588;
					};
				};
			};
			buildConfigurationList = 3761AB6729B7978F00C68588 /* Build configuration list for PBXProject "WeatherApp" */;
			compatibilityVersion = "Xcode 14.0";
			developmentRegion = en;
			hasScannedForEncodings = 0;
			knownRegions = (
				en,
				Base,
			);
			mainGroup = 3761AB6329B7978F00C68588;
			productRefGroup = 3761AB6D29B7978F00C68588 /* Products */;
			projectDirPath = "";
			projectReferences = (
				{
					ProductGroup = 3749E7A929B8C99C00C01A41 /* Products */;
					ProjectRef = 3749E7A829B8C99C00C01A41 /* WeatherAPIFramework.xcodeproj */;
				},
				{
					ProductGroup = 3749E79C29B799EB00C01A41 /* Products */;
					ProjectRef = 3749E79B29B799EB00C01A41 /* WeatherAPIFramework.xcodeproj */;
				},
			);
			projectRoot = "";
			targets = (
				3761AB6B29B7978F00C68588 /* WeatherApp */,
				3761AB8429B7979100C68588 /* WeatherAppTests */,
				3761AB8E29B7979100C68588 /* WeatherAppUITests */,
			);
		};
/* End PBXProject section */

/* Begin PBXReferenceProxy section */
		3749E7A129B799EB00C01A41 /* WeatherAPIFramework.framework */ = {
			isa = PBXReferenceProxy;
			fileType = wrapper.framework;
			path = WeatherAPIFramework.framework;
			remoteRef = 3749E7A029B799EB00C01A41 /* PBXContainerItemProxy */;
			sourceTree = BUILT_PRODUCTS_DIR;
		};
		3749E7A329B799EB00C01A41 /* WeatherAPIFrameworkTests.xctest */ = {
			isa = PBXReferenceProxy;
			fileType = wrapper.cfbundle;
			path = WeatherAPIFrameworkTests.xctest;
			remoteRef = 3749E7A229B799EB00C01A41 /* PBXContainerItemProxy */;
			sourceTree = BUILT_PRODUCTS_DIR;
		};
		3749E7AE29B8C99C00C01A41 /* WeatherAPIFramework.framework */ = {
			isa = PBXReferenceProxy;
			fileType = wrapper.framework;
			path = WeatherAPIFramework.framework;
			remoteRef = 3749E7AD29B8C99C00C01A41 /* PBXContainerItemProxy */;
			sourceTree = BUILT_PRODUCTS_DIR;
		};
		3749E7B029B8C99C00C01A41 /* WeatherAPIFrameworkTests.xctest */ = {
			isa = PBXReferenceProxy;
			fileType = wrapper.cfbundle;
			path = WeatherAPIFrameworkTests.xctest;
			remoteRef = 3749E7AF29B8C99C00C01A41 /* PBXContainerItemProxy */;
			sourceTree = BUILT_PRODUCTS_DIR;
		};
/* End PBXReferenceProxy section */

/* Begin PBXResourcesBuildPhase section */
		3761AB6A29B7978F00C68588 /* Resources */ = {
			isa = PBXResourcesBuildPhase;
			buildActionMask = 2147483647;
			files = (
				3761AB7F29B7979100C68588 /* LaunchScreen.storyboard in Resources */,
				3749E7F929BF2C2F00C01A41 /* WFCityDetailsGeneralInfoTableViewCell.xib in Resources */,
				3749E7DA29B9F54600C01A41 /* city.list.json in Resources */,
				3749E7D429B9F49200C01A41 /* WFAddCityTableViewCell.xib in Resources */,
				3749E7CF29B9F20500C01A41 /* AddCity.storyboard in Resources */,
				3761AB7C29B7979100C68588 /* Assets.xcassets in Resources */,
			);
			runOnlyForDeploymentPostprocessing = 0;
		};
		3761AB8329B7979100C68588 /* Resources */ = {
			isa = PBXResourcesBuildPhase;
			buildActionMask = 2147483647;
			files = (
			);
			runOnlyForDeploymentPostprocessing = 0;
		};
		3761AB8D29B7979100C68588 /* Resources */ = {
			isa = PBXResourcesBuildPhase;
			buildActionMask = 2147483647;
			files = (
			);
			runOnlyForDeploymentPostprocessing = 0;
		};
/* End PBXResourcesBuildPhase section */

/* Begin PBXSourcesBuildPhase section */
		3761AB6829B7978F00C68588 /* Sources */ = {
			isa = PBXSourcesBuildPhase;
			buildActionMask = 2147483647;
			files = (
				3749E7C129B8F1A800C01A41 /* WFCityListViewViewModel.swift in Sources */,
				3749E7C729B8F9AD00C01A41 /* Cities+CoreDataClass.swift in Sources */,
				3749E7D329B9F49200C01A41 /* WFAddCityTableViewCell.swift in Sources */,
				3749E7CA29B908E400C01A41 /* WFCityListTableViewCell.swift in Sources */,
				3749E7B929B8D3E900C01A41 /* WFTabBarController.swift in Sources */,
				3749E7F329BB722100C01A41 /* WFCityDetailsSpecificCollectionViewCellViewModel.swift in Sources */,
				3761AB7A29B7978F00C68588 /* WeatherApp.xcdatamodeld in Sources */,
				3749E7ED29BB6BAE00C01A41 /* WFCityDetailsGeneralInfoTableViewCellViewModel.swift in Sources */,
				3749E7F129BB6F0A00C01A41 /* WFCityDetailsSpecificCollectionViewCell.swift in Sources */,
				3749E7BF29B8DC7000C01A41 /* WFCityListView.swift in Sources */,
				3749E7BB29B8D43300C01A41 /* WFAddCityViewController.swift in Sources */,
				3749E7FE29BF790D00C01A41 /* Reachability.swift in Sources */,
				3761AB7429B7978F00C68588 /* WFCityListViewController.swift in Sources */,
				3749E80429BF80EA00C01A41 /* Cities+CoreDataProperties.swift in Sources */,
				3749E7FC29BF733100C01A41 /* UIViewController+Extension.swift in Sources */,
				3749E7C429B8F7CE00C01A41 /* CityDBManger.swift in Sources */,
				3749E7E829BB5F9E00C01A41 /* WFCityDetailsViewViewModel.swift in Sources */,
				3749E7F829BF2C2F00C01A41 /* WFCityDetailsGeneralInfoTableViewCell.swift in Sources */,
				3749E7D829B9F52D00C01A41 /* WFAddCityViewViewModel.swift in Sources */,
				3749E7DE29B9F5C400C01A41 /* CityJsonModel.swift in Sources */,
				3749E7CC29B914FF00C01A41 /* WFCityListTableViewCellViewModel.swift in Sources */,
				3749E7EF29BB6DA300C01A41 /* WFCityDetailsSpecInfoTableViewCell.swift in Sources */,
				3749E7E229BB302600C01A41 /* WFCityDetailsViewController.swift in Sources */,
				3749E7E629BB364C00C01A41 /* WFCityDetailsView.swift in Sources */,
				3749E7E029B9FE9900C01A41 /* WFAddCityTableViewCellViewModel.swift in Sources */,
				3761AB7029B7978F00C68588 /* AppDelegate.swift in Sources */,
			);
			runOnlyForDeploymentPostprocessing = 0;
		};
		3761AB8129B7979100C68588 /* Sources */ = {
			isa = PBXSourcesBuildPhase;
			buildActionMask = 2147483647;
			files = (
				3761AB8A29B7979100C68588 /* WeatherAppTests.swift in Sources */,
			);
			runOnlyForDeploymentPostprocessing = 0;
		};
		3761AB8B29B7979100C68588 /* Sources */ = {
			isa = PBXSourcesBuildPhase;
			buildActionMask = 2147483647;
			files = (
				3761AB9429B7979100C68588 /* WeatherAppUITests.swift in Sources */,
				3761AB9629B7979100C68588 /* WeatherAppUITestsLaunchTests.swift in Sources */,
			);
			runOnlyForDeploymentPostprocessing = 0;
		};
/* End PBXSourcesBuildPhase section */

/* Begin PBXTargetDependency section */
		3761AB8729B7979100C68588 /* PBXTargetDependency */ = {
			isa = PBXTargetDependency;
			target = 3761AB6B29B7978F00C68588 /* WeatherApp */;
			targetProxy = 3761AB8629B7979100C68588 /* PBXContainerItemProxy */;
		};
		3761AB9129B7979100C68588 /* PBXTargetDependency */ = {
			isa = PBXTargetDependency;
			target = 3761AB6B29B7978F00C68588 /* WeatherApp */;
			targetProxy = 3761AB9029B7979100C68588 /* PBXContainerItemProxy */;
		};
/* End PBXTargetDependency section */

/* Begin PBXVariantGroup section */
		3761AB7D29B7979100C68588 /* LaunchScreen.storyboard */ = {
			isa = PBXVariantGroup;
			children = (
				3761AB7E29B7979100C68588 /* Base */,
			);
			name = LaunchScreen.storyboard;
			sourceTree = "<group>";
		};
/* End PBXVariantGroup section */

/* Begin XCBuildConfiguration section */
		3761AB9729B7979100C68588 /* Debug */ = {
			isa = XCBuildConfiguration;
			buildSettings = {
				ALWAYS_SEARCH_USER_PATHS = NO;
				CLANG_ANALYZER_NONNULL = YES;
				CLANG_ANALYZER_NUMBER_OBJECT_CONVERSION = YES_AGGRESSIVE;
				CLANG_CXX_LANGUAGE_STANDARD = "gnu++20";
				CLANG_ENABLE_MODULES = YES;
				CLANG_ENABLE_OBJC_ARC = YES;
				CLANG_ENABLE_OBJC_WEAK = YES;
				CLANG_WARN_BLOCK_CAPTURE_AUTORELEASING = YES;
				CLANG_WARN_BOOL_CONVERSION = YES;
				CLANG_WARN_COMMA = YES;
				CLANG_WARN_CONSTANT_CONVERSION = YES;
				CLANG_WARN_DEPRECATED_OBJC_IMPLEMENTATIONS = YES;
				CLANG_WARN_DIRECT_OBJC_ISA_USAGE = YES_ERROR;
				CLANG_WARN_DOCUMENTATION_COMMENTS = YES;
				CLANG_WARN_EMPTY_BODY = YES;
				CLANG_WARN_ENUM_CONVERSION = YES;
				CLANG_WARN_INFINITE_RECURSION = YES;
				CLANG_WARN_INT_CONVERSION = YES;
				CLANG_WARN_NON_LITERAL_NULL_CONVERSION = YES;
				CLANG_WARN_OBJC_IMPLICIT_RETAIN_SELF = YES;
				CLANG_WARN_OBJC_LITERAL_CONVERSION = YES;
				CLANG_WARN_OBJC_ROOT_CLASS = YES_ERROR;
				CLANG_WARN_QUOTED_INCLUDE_IN_FRAMEWORK_HEADER = YES;
				CLANG_WARN_RANGE_LOOP_ANALYSIS = YES;
				CLANG_WARN_STRICT_PROTOTYPES = YES;
				CLANG_WARN_SUSPICIOUS_MOVE = YES;
				CLANG_WARN_UNGUARDED_AVAILABILITY = YES_AGGRESSIVE;
				CLANG_WARN_UNREACHABLE_CODE = YES;
				CLANG_WARN__DUPLICATE_METHOD_MATCH = YES;
				COPY_PHASE_STRIP = NO;
				DEBUG_INFORMATION_FORMAT = dwarf;
				ENABLE_STRICT_OBJC_MSGSEND = YES;
				ENABLE_TESTABILITY = YES;
				GCC_C_LANGUAGE_STANDARD = gnu11;
				GCC_DYNAMIC_NO_PIC = NO;
				GCC_NO_COMMON_BLOCKS = YES;
				GCC_OPTIMIZATION_LEVEL = 0;
				GCC_PREPROCESSOR_DEFINITIONS = (
					"DEBUG=1",
					"$(inherited)",
				);
				GCC_WARN_64_TO_32_BIT_CONVERSION = YES;
				GCC_WARN_ABOUT_RETURN_TYPE = YES_ERROR;
				GCC_WARN_UNDECLARED_SELECTOR = YES;
				GCC_WARN_UNINITIALIZED_AUTOS = YES_AGGRESSIVE;
				GCC_WARN_UNUSED_FUNCTION = YES;
				GCC_WARN_UNUSED_VARIABLE = YES;
				IPHONEOS_DEPLOYMENT_TARGET = 11.0;
				MTL_ENABLE_DEBUG_INFO = INCLUDE_SOURCE;
				MTL_FAST_MATH = YES;
				ONLY_ACTIVE_ARCH = YES;
				SDKROOT = iphoneos;
				SWIFT_ACTIVE_COMPILATION_CONDITIONS = DEBUG;
				SWIFT_OPTIMIZATION_LEVEL = "-Onone";
			};
			name = Debug;
		};
		3761AB9829B7979100C68588 /* Release */ = {
			isa = XCBuildConfiguration;
			buildSettings = {
				ALWAYS_SEARCH_USER_PATHS = NO;
				CLANG_ANALYZER_NONNULL = YES;
				CLANG_ANALYZER_NUMBER_OBJECT_CONVERSION = YES_AGGRESSIVE;
				CLANG_CXX_LANGUAGE_STANDARD = "gnu++20";
				CLANG_ENABLE_MODULES = YES;
				CLANG_ENABLE_OBJC_ARC = YES;
				CLANG_ENABLE_OBJC_WEAK = YES;
				CLANG_WARN_BLOCK_CAPTURE_AUTORELEASING = YES;
				CLANG_WARN_BOOL_CONVERSION = YES;
				CLANG_WARN_COMMA = YES;
				CLANG_WARN_CONSTANT_CONVERSION = YES;
				CLANG_WARN_DEPRECATED_OBJC_IMPLEMENTATIONS = YES;
				CLANG_WARN_DIRECT_OBJC_ISA_USAGE = YES_ERROR;
				CLANG_WARN_DOCUMENTATION_COMMENTS = YES;
				CLANG_WARN_EMPTY_BODY = YES;
				CLANG_WARN_ENUM_CONVERSION = YES;
				CLANG_WARN_INFINITE_RECURSION = YES;
				CLANG_WARN_INT_CONVERSION = YES;
				CLANG_WARN_NON_LITERAL_NULL_CONVERSION = YES;
				CLANG_WARN_OBJC_IMPLICIT_RETAIN_SELF = YES;
				CLANG_WARN_OBJC_LITERAL_CONVERSION = YES;
				CLANG_WARN_OBJC_ROOT_CLASS = YES_ERROR;
				CLANG_WARN_QUOTED_INCLUDE_IN_FRAMEWORK_HEADER = YES;
				CLANG_WARN_RANGE_LOOP_ANALYSIS = YES;
				CLANG_WARN_STRICT_PROTOTYPES = YES;
				CLANG_WARN_SUSPICIOUS_MOVE = YES;
				CLANG_WARN_UNGUARDED_AVAILABILITY = YES_AGGRESSIVE;
				CLANG_WARN_UNREACHABLE_CODE = YES;
				CLANG_WARN__DUPLICATE_METHOD_MATCH = YES;
				COPY_PHASE_STRIP = NO;
				DEBUG_INFORMATION_FORMAT = "dwarf-with-dsym";
				ENABLE_NS_ASSERTIONS = NO;
				ENABLE_STRICT_OBJC_MSGSEND = YES;
				GCC_C_LANGUAGE_STANDARD = gnu11;
				GCC_NO_COMMON_BLOCKS = YES;
				GCC_WARN_64_TO_32_BIT_CONVERSION = YES;
				GCC_WARN_ABOUT_RETURN_TYPE = YES_ERROR;
				GCC_WARN_UNDECLARED_SELECTOR = YES;
				GCC_WARN_UNINITIALIZED_AUTOS = YES_AGGRESSIVE;
				GCC_WARN_UNUSED_FUNCTION = YES;
				GCC_WARN_UNUSED_VARIABLE = YES;
				IPHONEOS_DEPLOYMENT_TARGET = 11.0;
				MTL_ENABLE_DEBUG_INFO = NO;
				MTL_FAST_MATH = YES;
				SDKROOT = iphoneos;
				SWIFT_COMPILATION_MODE = wholemodule;
				SWIFT_OPTIMIZATION_LEVEL = "-O";
				VALIDATE_PRODUCT = YES;
			};
			name = Release;
		};
		3761AB9A29B7979100C68588 /* Debug */ = {
			isa = XCBuildConfiguration;
			buildSettings = {
				ASSETCATALOG_COMPILER_APPICON_NAME = AppIcon;
				ASSETCATALOG_COMPILER_GLOBAL_ACCENT_COLOR_NAME = AccentColor;
				CODE_SIGN_STYLE = Automatic;
				CURRENT_PROJECT_VERSION = 1;
				DEVELOPMENT_TEAM = 53GY2ZG88Y;
				GENERATE_INFOPLIST_FILE = YES;
				INFOPLIST_FILE = WeatherApp/Info.plist;
				INFOPLIST_KEY_UIApplicationSupportsIndirectInputEvents = YES;
				INFOPLIST_KEY_UILaunchStoryboardName = LaunchScreen;
				INFOPLIST_KEY_UISupportedInterfaceOrientations_iPad = "UIInterfaceOrientationPortrait UIInterfaceOrientationPortraitUpsideDown UIInterfaceOrientationLandscapeLeft UIInterfaceOrientationLandscapeRight";
				INFOPLIST_KEY_UISupportedInterfaceOrientations_iPhone = "UIInterfaceOrientationPortrait UIInterfaceOrientationLandscapeLeft UIInterfaceOrientationLandscapeRight";
				IPHONEOS_DEPLOYMENT_TARGET = 11.0;
				LD_RUNPATH_SEARCH_PATHS = (
					"$(inherited)",
					"@executable_path/Frameworks",
				);
				MARKETING_VERSION = 1.0;
				PRODUCT_BUNDLE_IDENTIFIER = com.personal.WeatherApp;
				PRODUCT_NAME = "$(TARGET_NAME)";
				SWIFT_EMIT_LOC_STRINGS = YES;
				SWIFT_VERSION = 5.0;
				TARGETED_DEVICE_FAMILY = "1,2";
			};
			name = Debug;
		};
		3761AB9B29B7979100C68588 /* Release */ = {
			isa = XCBuildConfiguration;
			buildSettings = {
				ASSETCATALOG_COMPILER_APPICON_NAME = AppIcon;
				ASSETCATALOG_COMPILER_GLOBAL_ACCENT_COLOR_NAME = AccentColor;
				CODE_SIGN_STYLE = Automatic;
				CURRENT_PROJECT_VERSION = 1;
				DEVELOPMENT_TEAM = 53GY2ZG88Y;
				GENERATE_INFOPLIST_FILE = YES;
				INFOPLIST_FILE = WeatherApp/Info.plist;
				INFOPLIST_KEY_UIApplicationSupportsIndirectInputEvents = YES;
				INFOPLIST_KEY_UILaunchStoryboardName = LaunchScreen;
				INFOPLIST_KEY_UISupportedInterfaceOrientations_iPad = "UIInterfaceOrientationPortrait UIInterfaceOrientationPortraitUpsideDown UIInterfaceOrientationLandscapeLeft UIInterfaceOrientationLandscapeRight";
				INFOPLIST_KEY_UISupportedInterfaceOrientations_iPhone = "UIInterfaceOrientationPortrait UIInterfaceOrientationLandscapeLeft UIInterfaceOrientationLandscapeRight";
				IPHONEOS_DEPLOYMENT_TARGET = 11.0;
				LD_RUNPATH_SEARCH_PATHS = (
					"$(inherited)",
					"@executable_path/Frameworks",
				);
				MARKETING_VERSION = 1.0;
				PRODUCT_BUNDLE_IDENTIFIER = com.personal.WeatherApp;
				PRODUCT_NAME = "$(TARGET_NAME)";
				SWIFT_EMIT_LOC_STRINGS = YES;
				SWIFT_VERSION = 5.0;
				TARGETED_DEVICE_FAMILY = "1,2";
			};
			name = Release;
		};
		3761AB9D29B7979100C68588 /* Debug */ = {
			isa = XCBuildConfiguration;
			buildSettings = {
				ALWAYS_EMBED_SWIFT_STANDARD_LIBRARIES = YES;
				BUNDLE_LOADER = "$(TEST_HOST)";
				CODE_SIGN_STYLE = Automatic;
				CURRENT_PROJECT_VERSION = 1;
				DEVELOPMENT_TEAM = 53GY2ZG88Y;
				GENERATE_INFOPLIST_FILE = YES;
				IPHONEOS_DEPLOYMENT_TARGET = 16.1;
				MARKETING_VERSION = 1.0;
				PRODUCT_BUNDLE_IDENTIFIER = com.personal.WeatherAppTests;
				PRODUCT_NAME = "$(TARGET_NAME)";
				SWIFT_EMIT_LOC_STRINGS = NO;
				SWIFT_VERSION = 5.0;
				TARGETED_DEVICE_FAMILY = "1,2";
				TEST_HOST = "$(BUILT_PRODUCTS_DIR)/WeatherApp.app/$(BUNDLE_EXECUTABLE_FOLDER_PATH)/WeatherApp";
			};
			name = Debug;
		};
		3761AB9E29B7979100C68588 /* Release */ = {
			isa = XCBuildConfiguration;
			buildSettings = {
				ALWAYS_EMBED_SWIFT_STANDARD_LIBRARIES = YES;
				BUNDLE_LOADER = "$(TEST_HOST)";
				CODE_SIGN_STYLE = Automatic;
				CURRENT_PROJECT_VERSION = 1;
				DEVELOPMENT_TEAM = 53GY2ZG88Y;
				GENERATE_INFOPLIST_FILE = YES;
				IPHONEOS_DEPLOYMENT_TARGET = 16.1;
				MARKETING_VERSION = 1.0;
				PRODUCT_BUNDLE_IDENTIFIER = com.personal.WeatherAppTests;
				PRODUCT_NAME = "$(TARGET_NAME)";
				SWIFT_EMIT_LOC_STRINGS = NO;
				SWIFT_VERSION = 5.0;
				TARGETED_DEVICE_FAMILY = "1,2";
				TEST_HOST = "$(BUILT_PRODUCTS_DIR)/WeatherApp.app/$(BUNDLE_EXECUTABLE_FOLDER_PATH)/WeatherApp";
			};
			name = Release;
		};
		3761ABA029B7979100C68588 /* Debug */ = {
			isa = XCBuildConfiguration;
			buildSettings = {
				ALWAYS_EMBED_SWIFT_STANDARD_LIBRARIES = YES;
				CODE_SIGN_STYLE = Automatic;
				CURRENT_PROJECT_VERSION = 1;
				DEVELOPMENT_TEAM = 53GY2ZG88Y;
				GENERATE_INFOPLIST_FILE = YES;
				MARKETING_VERSION = 1.0;
				PRODUCT_BUNDLE_IDENTIFIER = com.personal.WeatherAppUITests;
				PRODUCT_NAME = "$(TARGET_NAME)";
				SWIFT_EMIT_LOC_STRINGS = NO;
				SWIFT_VERSION = 5.0;
				TARGETED_DEVICE_FAMILY = "1,2";
				TEST_TARGET_NAME = WeatherApp;
			};
			name = Debug;
		};
		3761ABA129B7979100C68588 /* Release */ = {
			isa = XCBuildConfiguration;
			buildSettings = {
				ALWAYS_EMBED_SWIFT_STANDARD_LIBRARIES = YES;
				CODE_SIGN_STYLE = Automatic;
				CURRENT_PROJECT_VERSION = 1;
				DEVELOPMENT_TEAM = 53GY2ZG88Y;
				GENERATE_INFOPLIST_FILE = YES;
				MARKETING_VERSION = 1.0;
				PRODUCT_BUNDLE_IDENTIFIER = com.personal.WeatherAppUITests;
				PRODUCT_NAME = "$(TARGET_NAME)";
				SWIFT_EMIT_LOC_STRINGS = NO;
				SWIFT_VERSION = 5.0;
				TARGETED_DEVICE_FAMILY = "1,2";
				TEST_TARGET_NAME = WeatherApp;
			};
			name = Release;
		};
/* End XCBuildConfiguration section */

/* Begin XCConfigurationList section */
		3761AB6729B7978F00C68588 /* Build configuration list for PBXProject "WeatherApp" */ = {
			isa = XCConfigurationList;
			buildConfigurations = (
				3761AB9729B7979100C68588 /* Debug */,
				3761AB9829B7979100C68588 /* Release */,
			);
			defaultConfigurationIsVisible = 0;
			defaultConfigurationName = Release;
		};
		3761AB9929B7979100C68588 /* Build configuration list for PBXNativeTarget "WeatherApp" */ = {
			isa = XCConfigurationList;
			buildConfigurations = (
				3761AB9A29B7979100C68588 /* Debug */,
				3761AB9B29B7979100C68588 /* Release */,
			);
			defaultConfigurationIsVisible = 0;
			defaultConfigurationName = Release;
		};
		3761AB9C29B7979100C68588 /* Build configuration list for PBXNativeTarget "WeatherAppTests" */ = {
			isa = XCConfigurationList;
			buildConfigurations = (
				3761AB9D29B7979100C68588 /* Debug */,
				3761AB9E29B7979100C68588 /* Release */,
			);
			defaultConfigurationIsVisible = 0;
			defaultConfigurationName = Release;
		};
		3761AB9F29B7979100C68588 /* Build configuration list for PBXNativeTarget "WeatherAppUITests" */ = {
			isa = XCConfigurationList;
			buildConfigurations = (
				3761ABA029B7979100C68588 /* Debug */,
				3761ABA129B7979100C68588 /* Release */,
			);
			defaultConfigurationIsVisible = 0;
			defaultConfigurationName = Release;
		};
/* End XCConfigurationList section */

/* Begin XCVersionGroup section */
		3761AB7829B7978F00C68588 /* WeatherApp.xcdatamodeld */ = {
			isa = XCVersionGroup;
			children = (
				3761AB7929B7978F00C68588 /* WeatherApp.xcdatamodel */,
			);
			currentVersion = 3761AB7929B7978F00C68588 /* WeatherApp.xcdatamodel */;
			path = WeatherApp.xcdatamodeld;
			sourceTree = "<group>";
			versionGroupType = wrapper.xcdatamodel;
		};
/* End XCVersionGroup section */
	};
	rootObject = 3761AB6429B7978F00C68588 /* Project object */;
}
